// !$*UTF8*$!
{
	archiveVersion = 1;
	classes = {
	};
	objectVersion = 50;
	objects = {

/* Begin PBXBuildFile section */
		B39F5D5524EC2EBB007D37E8 /* NanoCast.Studio WatchKit App.app in Embed Watch Content */ = {isa = PBXBuildFile; fileRef = B39F5D5424EC2EBB007D37E8 /* NanoCast.Studio WatchKit App.app */; settings = {ATTRIBUTES = (RemoveHeadersOnCopy, ); }; };
		B39F5D5B24EC2EBB007D37E8 /* Interface.storyboard in Resources */ = {isa = PBXBuildFile; fileRef = B39F5D5924EC2EBB007D37E8 /* Interface.storyboard */; };
		B39F5D5D24EC2EBE007D37E8 /* Assets.xcassets in Resources */ = {isa = PBXBuildFile; fileRef = B39F5D5C24EC2EBE007D37E8 /* Assets.xcassets */; };
		B39F5D6424EC2EBE007D37E8 /* NanoCast.Studio WatchKit Extension.appex in Embed App Extensions */ = {isa = PBXBuildFile; fileRef = B39F5D6324EC2EBE007D37E8 /* NanoCast.Studio WatchKit Extension.appex */; settings = {ATTRIBUTES = (RemoveHeadersOnCopy, ); }; };
		B39F5D6924EC2EBE007D37E8 /* HostingController.swift in Sources */ = {isa = PBXBuildFile; fileRef = B39F5D6824EC2EBE007D37E8 /* HostingController.swift */; };
		B39F5D6B24EC2EBE007D37E8 /* ContentView.swift in Sources */ = {isa = PBXBuildFile; fileRef = B39F5D6A24EC2EBE007D37E8 /* ContentView.swift */; };
		B39F5D6D24EC2EBE007D37E8 /* ExtensionDelegate.swift in Sources */ = {isa = PBXBuildFile; fileRef = B39F5D6C24EC2EBE007D37E8 /* ExtensionDelegate.swift */; };
		B39F5D6F24EC2EBE007D37E8 /* ComplicationController.swift in Sources */ = {isa = PBXBuildFile; fileRef = B39F5D6E24EC2EBE007D37E8 /* ComplicationController.swift */; };
		B39F5D7124EC2EBF007D37E8 /* Assets.xcassets in Resources */ = {isa = PBXBuildFile; fileRef = B39F5D7024EC2EBF007D37E8 /* Assets.xcassets */; };
		B39F5D7424EC2EBF007D37E8 /* Preview Assets.xcassets in Resources */ = {isa = PBXBuildFile; fileRef = B39F5D7324EC2EBF007D37E8 /* Preview Assets.xcassets */; };
		B39F5D8424EC3041007D37E8 /* RecordingSessionObject.swift in Sources */ = {isa = PBXBuildFile; fileRef = B39F5D8324EC3041007D37E8 /* RecordingSessionObject.swift */; };
/* End PBXBuildFile section */

/* Begin PBXContainerItemProxy section */
		B39F5D5624EC2EBB007D37E8 /* PBXContainerItemProxy */ = {
			isa = PBXContainerItemProxy;
			containerPortal = B39F5D4A24EC2EBB007D37E8 /* Project object */;
			proxyType = 1;
			remoteGlobalIDString = B39F5D5324EC2EBB007D37E8;
			remoteInfo = "NanoCast.Studio WatchKit App";
		};
		B39F5D6524EC2EBE007D37E8 /* PBXContainerItemProxy */ = {
			isa = PBXContainerItemProxy;
			containerPortal = B39F5D4A24EC2EBB007D37E8 /* Project object */;
			proxyType = 1;
			remoteGlobalIDString = B39F5D6224EC2EBE007D37E8;
			remoteInfo = "NanoCast.Studio WatchKit Extension";
		};
/* End PBXContainerItemProxy section */

/* Begin PBXCopyFilesBuildPhase section */
		B39F5D7B24EC2EBF007D37E8 /* Embed App Extensions */ = {
			isa = PBXCopyFilesBuildPhase;
			buildActionMask = 2147483647;
			dstPath = "";
			dstSubfolderSpec = 13;
			files = (
				B39F5D6424EC2EBE007D37E8 /* NanoCast.Studio WatchKit Extension.appex in Embed App Extensions */,
			);
			name = "Embed App Extensions";
			runOnlyForDeploymentPostprocessing = 0;
		};
		B39F5D7F24EC2EBF007D37E8 /* Embed Watch Content */ = {
			isa = PBXCopyFilesBuildPhase;
			buildActionMask = 2147483647;
			dstPath = "$(CONTENTS_FOLDER_PATH)/Watch";
			dstSubfolderSpec = 16;
			files = (
				B39F5D5524EC2EBB007D37E8 /* NanoCast.Studio WatchKit App.app in Embed Watch Content */,
			);
			name = "Embed Watch Content";
			runOnlyForDeploymentPostprocessing = 0;
		};
/* End PBXCopyFilesBuildPhase section */

/* Begin PBXFileReference section */
		B39F5D5024EC2EBB007D37E8 /* NanoCast.Studio.app */ = {isa = PBXFileReference; explicitFileType = wrapper.application; includeInIndex = 0; path = NanoCast.Studio.app; sourceTree = BUILT_PRODUCTS_DIR; };
		B39F5D5424EC2EBB007D37E8 /* NanoCast.Studio WatchKit App.app */ = {isa = PBXFileReference; explicitFileType = wrapper.application; includeInIndex = 0; path = "NanoCast.Studio WatchKit App.app"; sourceTree = BUILT_PRODUCTS_DIR; };
		B39F5D5A24EC2EBB007D37E8 /* Base */ = {isa = PBXFileReference; lastKnownFileType = file.storyboard; name = Base; path = Base.lproj/Interface.storyboard; sourceTree = "<group>"; };
		B39F5D5C24EC2EBE007D37E8 /* Assets.xcassets */ = {isa = PBXFileReference; lastKnownFileType = folder.assetcatalog; path = Assets.xcassets; sourceTree = "<group>"; };
		B39F5D5E24EC2EBE007D37E8 /* Info.plist */ = {isa = PBXFileReference; lastKnownFileType = text.plist.xml; path = Info.plist; sourceTree = "<group>"; };
		B39F5D6324EC2EBE007D37E8 /* NanoCast.Studio WatchKit Extension.appex */ = {isa = PBXFileReference; explicitFileType = "wrapper.app-extension"; includeInIndex = 0; path = "NanoCast.Studio WatchKit Extension.appex"; sourceTree = BUILT_PRODUCTS_DIR; };
		B39F5D6824EC2EBE007D37E8 /* HostingController.swift */ = {isa = PBXFileReference; lastKnownFileType = sourcecode.swift; path = HostingController.swift; sourceTree = "<group>"; };
		B39F5D6A24EC2EBE007D37E8 /* ContentView.swift */ = {isa = PBXFileReference; lastKnownFileType = sourcecode.swift; path = ContentView.swift; sourceTree = "<group>"; };
		B39F5D6C24EC2EBE007D37E8 /* ExtensionDelegate.swift */ = {isa = PBXFileReference; lastKnownFileType = sourcecode.swift; path = ExtensionDelegate.swift; sourceTree = "<group>"; };
		B39F5D6E24EC2EBE007D37E8 /* ComplicationController.swift */ = {isa = PBXFileReference; lastKnownFileType = sourcecode.swift; path = ComplicationController.swift; sourceTree = "<group>"; };
		B39F5D7024EC2EBF007D37E8 /* Assets.xcassets */ = {isa = PBXFileReference; lastKnownFileType = folder.assetcatalog; path = Assets.xcassets; sourceTree = "<group>"; };
		B39F5D7324EC2EBF007D37E8 /* Preview Assets.xcassets */ = {isa = PBXFileReference; lastKnownFileType = folder.assetcatalog; path = "Preview Assets.xcassets"; sourceTree = "<group>"; };
		B39F5D7524EC2EBF007D37E8 /* Info.plist */ = {isa = PBXFileReference; lastKnownFileType = text.plist.xml; path = Info.plist; sourceTree = "<group>"; };
		B39F5D8324EC3041007D37E8 /* RecordingSessionObject.swift */ = {isa = PBXFileReference; lastKnownFileType = sourcecode.swift; path = RecordingSessionObject.swift; sourceTree = "<group>"; };
		B3B7D54724EC9D900015D6C5 /* AppDelegate.swift */ = {isa = PBXFileReference; lastKnownFileType = sourcecode.swift; path = AppDelegate.swift; sourceTree = "<group>"; };
		B3B7D54924EC9D900015D6C5 /* SceneDelegate.swift */ = {isa = PBXFileReference; lastKnownFileType = sourcecode.swift; path = SceneDelegate.swift; sourceTree = "<group>"; };
		B3B7D54B24EC9D900015D6C5 /* ContentView.swift */ = {isa = PBXFileReference; lastKnownFileType = sourcecode.swift; path = ContentView.swift; sourceTree = "<group>"; };
		B3B7D54D24EC9D910015D6C5 /* Assets.xcassets */ = {isa = PBXFileReference; lastKnownFileType = folder.assetcatalog; path = Assets.xcassets; sourceTree = "<group>"; };
		B3B7D55024EC9D910015D6C5 /* Preview Assets.xcassets */ = {isa = PBXFileReference; lastKnownFileType = folder.assetcatalog; path = "Preview Assets.xcassets"; sourceTree = "<group>"; };
		B3B7D55324EC9D910015D6C5 /* Base */ = {isa = PBXFileReference; lastKnownFileType = file.storyboard; name = Base; path = Base.lproj/LaunchScreen.storyboard; sourceTree = "<group>"; };
		B3B7D55524EC9D910015D6C5 /* Info.plist */ = {isa = PBXFileReference; lastKnownFileType = text.plist.xml; path = Info.plist; sourceTree = "<group>"; };
/* End PBXFileReference section */

/* Begin PBXFrameworksBuildPhase section */
		B39F5D6024EC2EBE007D37E8 /* Frameworks */ = {
			isa = PBXFrameworksBuildPhase;
			buildActionMask = 2147483647;
			files = (
			);
			runOnlyForDeploymentPostprocessing = 0;
		};
/* End PBXFrameworksBuildPhase section */

/* Begin PBXGroup section */
		B39F5D4924EC2EBB007D37E8 = {
			isa = PBXGroup;
			children = (
				B39F5D5824EC2EBB007D37E8 /* NanoCast.Studio WatchKit App */,
				B39F5D6724EC2EBE007D37E8 /* NanoCast.Studio WatchKit Extension */,
				B3B7D54624EC9D900015D6C5 /* NanoCastStudio */,
				B39F5D5124EC2EBB007D37E8 /* Products */,
				B3B7D55924EC9D9B0015D6C5 /* Frameworks */,
			);
			sourceTree = "<group>";
		};
		B39F5D5124EC2EBB007D37E8 /* Products */ = {
			isa = PBXGroup;
			children = (
				B39F5D5024EC2EBB007D37E8 /* NanoCast.Studio.app */,
				B39F5D5424EC2EBB007D37E8 /* NanoCast.Studio WatchKit App.app */,
				B39F5D6324EC2EBE007D37E8 /* NanoCast.Studio WatchKit Extension.appex */,
			);
			name = Products;
			sourceTree = "<group>";
		};
		B39F5D5824EC2EBB007D37E8 /* NanoCast.Studio WatchKit App */ = {
			isa = PBXGroup;
			children = (
				B39F5D5924EC2EBB007D37E8 /* Interface.storyboard */,
				B39F5D5C24EC2EBE007D37E8 /* Assets.xcassets */,
				B39F5D5E24EC2EBE007D37E8 /* Info.plist */,
			);
			path = "NanoCast.Studio WatchKit App";
			sourceTree = "<group>";
		};
		B39F5D6724EC2EBE007D37E8 /* NanoCast.Studio WatchKit Extension */ = {
			isa = PBXGroup;
			children = (
				B39F5D6824EC2EBE007D37E8 /* HostingController.swift */,
				B39F5D6A24EC2EBE007D37E8 /* ContentView.swift */,
				B39F5D6C24EC2EBE007D37E8 /* ExtensionDelegate.swift */,
				B39F5D6E24EC2EBE007D37E8 /* ComplicationController.swift */,
				B39F5D7024EC2EBF007D37E8 /* Assets.xcassets */,
				B39F5D7524EC2EBF007D37E8 /* Info.plist */,
				B39F5D7224EC2EBF007D37E8 /* Preview Content */,
				B39F5D8324EC3041007D37E8 /* RecordingSessionObject.swift */,
			);
			path = "NanoCast.Studio WatchKit Extension";
			sourceTree = "<group>";
		};
		B39F5D7224EC2EBF007D37E8 /* Preview Content */ = {
			isa = PBXGroup;
			children = (
				B39F5D7324EC2EBF007D37E8 /* Preview Assets.xcassets */,
			);
			path = "Preview Content";
			sourceTree = "<group>";
		};
		B3B7D54624EC9D900015D6C5 /* NanoCastStudio */ = {
			isa = PBXGroup;
			children = (
				B3B7D54724EC9D900015D6C5 /* AppDelegate.swift */,
				B3B7D54924EC9D900015D6C5 /* SceneDelegate.swift */,
				B3B7D54B24EC9D900015D6C5 /* ContentView.swift */,
				B3B7D54D24EC9D910015D6C5 /* Assets.xcassets */,
				B3B7D55224EC9D910015D6C5 /* LaunchScreen.storyboard */,
				B3B7D55524EC9D910015D6C5 /* Info.plist */,
				B3B7D54F24EC9D910015D6C5 /* Preview Content */,
			);
			path = NanoCastStudio;
			sourceTree = "<group>";
		};
		B3B7D54F24EC9D910015D6C5 /* Preview Content */ = {
			isa = PBXGroup;
			children = (
				B3B7D55024EC9D910015D6C5 /* Preview Assets.xcassets */,
			);
			path = "Preview Content";
			sourceTree = "<group>";
		};
		B3B7D55924EC9D9B0015D6C5 /* Frameworks */ = {
			isa = PBXGroup;
			children = (
			);
			name = Frameworks;
			sourceTree = "<group>";
		};
/* End PBXGroup section */

/* Begin PBXNativeTarget section */
		B39F5D4F24EC2EBB007D37E8 /* NanoCast.Studio */ = {
			isa = PBXNativeTarget;
			buildConfigurationList = B39F5D8024EC2EBF007D37E8 /* Build configuration list for PBXNativeTarget "NanoCast.Studio" */;
			buildPhases = (
				B39F5D4E24EC2EBB007D37E8 /* Resources */,
				B39F5D7F24EC2EBF007D37E8 /* Embed Watch Content */,
			);
			buildRules = (
			);
			dependencies = (
				B39F5D5724EC2EBB007D37E8 /* PBXTargetDependency */,
			);
			name = NanoCast.Studio;
			productName = NanoCast.Studio;
			productReference = B39F5D5024EC2EBB007D37E8 /* NanoCast.Studio.app */;
			productType = "com.apple.product-type.application.watchapp2-container";
		};
		B39F5D5324EC2EBB007D37E8 /* NanoCast.Studio WatchKit App */ = {
			isa = PBXNativeTarget;
			buildConfigurationList = B39F5D7C24EC2EBF007D37E8 /* Build configuration list for PBXNativeTarget "NanoCast.Studio WatchKit App" */;
			buildPhases = (
				B39F5D5224EC2EBB007D37E8 /* Resources */,
				B39F5D7B24EC2EBF007D37E8 /* Embed App Extensions */,
			);
			buildRules = (
			);
			dependencies = (
				B39F5D6624EC2EBE007D37E8 /* PBXTargetDependency */,
			);
			name = "NanoCast.Studio WatchKit App";
			productName = "NanoCast.Studio WatchKit App";
			productReference = B39F5D5424EC2EBB007D37E8 /* NanoCast.Studio WatchKit App.app */;
			productType = "com.apple.product-type.application.watchapp2";
		};
		B39F5D6224EC2EBE007D37E8 /* NanoCast.Studio WatchKit Extension */ = {
			isa = PBXNativeTarget;
			buildConfigurationList = B39F5D7824EC2EBF007D37E8 /* Build configuration list for PBXNativeTarget "NanoCast.Studio WatchKit Extension" */;
			buildPhases = (
				B39F5D5F24EC2EBE007D37E8 /* Sources */,
				B39F5D6024EC2EBE007D37E8 /* Frameworks */,
				B39F5D6124EC2EBE007D37E8 /* Resources */,
			);
			buildRules = (
			);
			dependencies = (
			);
			name = "NanoCast.Studio WatchKit Extension";
			productName = "NanoCast.Studio WatchKit Extension";
			productReference = B39F5D6324EC2EBE007D37E8 /* NanoCast.Studio WatchKit Extension.appex */;
			productType = "com.apple.product-type.watchkit2-extension";
		};
/* End PBXNativeTarget section */

/* Begin PBXProject section */
		B39F5D4A24EC2EBB007D37E8 /* Project object */ = {
			isa = PBXProject;
			attributes = {
				LastSwiftUpdateCheck = 1200;
				LastUpgradeCheck = 1200;
				TargetAttributes = {
					B39F5D4F24EC2EBB007D37E8 = {
						CreatedOnToolsVersion = 12.0;
					};
					B39F5D5324EC2EBB007D37E8 = {
						CreatedOnToolsVersion = 12.0;
					};
					B39F5D6224EC2EBE007D37E8 = {
						CreatedOnToolsVersion = 12.0;
					};
				};
			};
			buildConfigurationList = B39F5D4D24EC2EBB007D37E8 /* Build configuration list for PBXProject "NanoCast.Studio" */;
			compatibilityVersion = "Xcode 9.3";
			developmentRegion = en;
			hasScannedForEncodings = 0;
			knownRegions = (
				en,
				Base,
			);
			mainGroup = B39F5D4924EC2EBB007D37E8;
			productRefGroup = B39F5D5124EC2EBB007D37E8 /* Products */;
			projectDirPath = "";
			projectRoot = "";
			targets = (
				B39F5D4F24EC2EBB007D37E8 /* NanoCast.Studio */,
				B39F5D5324EC2EBB007D37E8 /* NanoCast.Studio WatchKit App */,
				B39F5D6224EC2EBE007D37E8 /* NanoCast.Studio WatchKit Extension */,
			);
		};
/* End PBXProject section */

/* Begin PBXResourcesBuildPhase section */
		B39F5D4E24EC2EBB007D37E8 /* Resources */ = {
			isa = PBXResourcesBuildPhase;
			buildActionMask = 2147483647;
			files = (
			);
			runOnlyForDeploymentPostprocessing = 0;
		};
		B39F5D5224EC2EBB007D37E8 /* Resources */ = {
			isa = PBXResourcesBuildPhase;
			buildActionMask = 2147483647;
			files = (
				B39F5D5D24EC2EBE007D37E8 /* Assets.xcassets in Resources */,
				B39F5D5B24EC2EBB007D37E8 /* Interface.storyboard in Resources */,
			);
			runOnlyForDeploymentPostprocessing = 0;
		};
		B39F5D6124EC2EBE007D37E8 /* Resources */ = {
			isa = PBXResourcesBuildPhase;
			buildActionMask = 2147483647;
			files = (
				B39F5D7424EC2EBF007D37E8 /* Preview Assets.xcassets in Resources */,
				B39F5D7124EC2EBF007D37E8 /* Assets.xcassets in Resources */,
			);
			runOnlyForDeploymentPostprocessing = 0;
		};
/* End PBXResourcesBuildPhase section */

/* Begin PBXSourcesBuildPhase section */
		B39F5D5F24EC2EBE007D37E8 /* Sources */ = {
			isa = PBXSourcesBuildPhase;
			buildActionMask = 2147483647;
			files = (
				B39F5D6B24EC2EBE007D37E8 /* ContentView.swift in Sources */,
				B39F5D6F24EC2EBE007D37E8 /* ComplicationController.swift in Sources */,
				B39F5D6924EC2EBE007D37E8 /* HostingController.swift in Sources */,
				B39F5D6D24EC2EBE007D37E8 /* ExtensionDelegate.swift in Sources */,
				B39F5D8424EC3041007D37E8 /* RecordingSessionObject.swift in Sources */,
			);
			runOnlyForDeploymentPostprocessing = 0;
		};
/* End PBXSourcesBuildPhase section */

/* Begin PBXTargetDependency section */
		B39F5D5724EC2EBB007D37E8 /* PBXTargetDependency */ = {
			isa = PBXTargetDependency;
			target = B39F5D5324EC2EBB007D37E8 /* NanoCast.Studio WatchKit App */;
			targetProxy = B39F5D5624EC2EBB007D37E8 /* PBXContainerItemProxy */;
		};
		B39F5D6624EC2EBE007D37E8 /* PBXTargetDependency */ = {
			isa = PBXTargetDependency;
			target = B39F5D6224EC2EBE007D37E8 /* NanoCast.Studio WatchKit Extension */;
			targetProxy = B39F5D6524EC2EBE007D37E8 /* PBXContainerItemProxy */;
		};
/* End PBXTargetDependency section */

/* Begin PBXVariantGroup section */
		B39F5D5924EC2EBB007D37E8 /* Interface.storyboard */ = {
			isa = PBXVariantGroup;
			children = (
				B39F5D5A24EC2EBB007D37E8 /* Base */,
			);
			name = Interface.storyboard;
			sourceTree = "<group>";
		};
		B3B7D55224EC9D910015D6C5 /* LaunchScreen.storyboard */ = {
			isa = PBXVariantGroup;
			children = (
				B3B7D55324EC9D910015D6C5 /* Base */,
			);
			name = LaunchScreen.storyboard;
			sourceTree = "<group>";
		};
/* End PBXVariantGroup section */

/* Begin XCBuildConfiguration section */
		B39F5D7624EC2EBF007D37E8 /* Debug */ = {
			isa = XCBuildConfiguration;
			buildSettings = {
				ALWAYS_SEARCH_USER_PATHS = NO;
				CLANG_ANALYZER_NONNULL = YES;
				CLANG_ANALYZER_NUMBER_OBJECT_CONVERSION = YES_AGGRESSIVE;
				CLANG_CXX_LANGUAGE_STANDARD = "gnu++14";
				CLANG_CXX_LIBRARY = "libc++";
				CLANG_ENABLE_MODULES = YES;
				CLANG_ENABLE_OBJC_ARC = YES;
				CLANG_ENABLE_OBJC_WEAK = YES;
				CLANG_WARN_BLOCK_CAPTURE_AUTORELEASING = YES;
				CLANG_WARN_BOOL_CONVERSION = YES;
				CLANG_WARN_COMMA = YES;
				CLANG_WARN_CONSTANT_CONVERSION = YES;
				CLANG_WARN_DEPRECATED_OBJC_IMPLEMENTATIONS = YES;
				CLANG_WARN_DIRECT_OBJC_ISA_USAGE = YES_ERROR;
				CLANG_WARN_DOCUMENTATION_COMMENTS = YES;
				CLANG_WARN_EMPTY_BODY = YES;
				CLANG_WARN_ENUM_CONVERSION = YES;
				CLANG_WARN_INFINITE_RECURSION = YES;
				CLANG_WARN_INT_CONVERSION = YES;
				CLANG_WARN_NON_LITERAL_NULL_CONVERSION = YES;
				CLANG_WARN_OBJC_IMPLICIT_RETAIN_SELF = YES;
				CLANG_WARN_OBJC_LITERAL_CONVERSION = YES;
				CLANG_WARN_OBJC_ROOT_CLASS = YES_ERROR;
				CLANG_WARN_QUOTED_INCLUDE_IN_FRAMEWORK_HEADER = YES;
				CLANG_WARN_RANGE_LOOP_ANALYSIS = YES;
				CLANG_WARN_STRICT_PROTOTYPES = YES;
				CLANG_WARN_SUSPICIOUS_MOVE = YES;
				CLANG_WARN_UNGUARDED_AVAILABILITY = YES_AGGRESSIVE;
				CLANG_WARN_UNREACHABLE_CODE = YES;
				CLANG_WARN__DUPLICATE_METHOD_MATCH = YES;
				COPY_PHASE_STRIP = NO;
				DEBUG_INFORMATION_FORMAT = dwarf;
				ENABLE_STRICT_OBJC_MSGSEND = YES;
				ENABLE_TESTABILITY = YES;
				GCC_C_LANGUAGE_STANDARD = gnu11;
				GCC_DYNAMIC_NO_PIC = NO;
				GCC_NO_COMMON_BLOCKS = YES;
				GCC_OPTIMIZATION_LEVEL = 0;
				GCC_PREPROCESSOR_DEFINITIONS = (
					"DEBUG=1",
					"$(inherited)",
				);
				GCC_WARN_64_TO_32_BIT_CONVERSION = YES;
				GCC_WARN_ABOUT_RETURN_TYPE = YES_ERROR;
				GCC_WARN_UNDECLARED_SELECTOR = YES;
				GCC_WARN_UNINITIALIZED_AUTOS = YES_AGGRESSIVE;
				GCC_WARN_UNUSED_FUNCTION = YES;
				GCC_WARN_UNUSED_VARIABLE = YES;
				MTL_ENABLE_DEBUG_INFO = INCLUDE_SOURCE;
				MTL_FAST_MATH = YES;
				ONLY_ACTIVE_ARCH = YES;
				SDKROOT = iphoneos;
				SWIFT_ACTIVE_COMPILATION_CONDITIONS = DEBUG;
				SWIFT_OPTIMIZATION_LEVEL = "-Onone";
			};
			name = Debug;
		};
		B39F5D7724EC2EBF007D37E8 /* Release */ = {
			isa = XCBuildConfiguration;
			buildSettings = {
				ALWAYS_SEARCH_USER_PATHS = NO;
				CLANG_ANALYZER_NONNULL = YES;
				CLANG_ANALYZER_NUMBER_OBJECT_CONVERSION = YES_AGGRESSIVE;
				CLANG_CXX_LANGUAGE_STANDARD = "gnu++14";
				CLANG_CXX_LIBRARY = "libc++";
				CLANG_ENABLE_MODULES = YES;
				CLANG_ENABLE_OBJC_ARC = YES;
				CLANG_ENABLE_OBJC_WEAK = YES;
				CLANG_WARN_BLOCK_CAPTURE_AUTORELEASING = YES;
				CLANG_WARN_BOOL_CONVERSION = YES;
				CLANG_WARN_COMMA = YES;
				CLANG_WARN_CONSTANT_CONVERSION = YES;
				CLANG_WARN_DEPRECATED_OBJC_IMPLEMENTATIONS = YES;
				CLANG_WARN_DIRECT_OBJC_ISA_USAGE = YES_ERROR;
				CLANG_WARN_DOCUMENTATION_COMMENTS = YES;
				CLANG_WARN_EMPTY_BODY = YES;
				CLANG_WARN_ENUM_CONVERSION = YES;
				CLANG_WARN_INFINITE_RECURSION = YES;
				CLANG_WARN_INT_CONVERSION = YES;
				CLANG_WARN_NON_LITERAL_NULL_CONVERSION = YES;
				CLANG_WARN_OBJC_IMPLICIT_RETAIN_SELF = YES;
				CLANG_WARN_OBJC_LITERAL_CONVERSION = YES;
				CLANG_WARN_OBJC_ROOT_CLASS = YES_ERROR;
				CLANG_WARN_QUOTED_INCLUDE_IN_FRAMEWORK_HEADER = YES;
				CLANG_WARN_RANGE_LOOP_ANALYSIS = YES;
				CLANG_WARN_STRICT_PROTOTYPES = YES;
				CLANG_WARN_SUSPICIOUS_MOVE = YES;
				CLANG_WARN_UNGUARDED_AVAILABILITY = YES_AGGRESSIVE;
				CLANG_WARN_UNREACHABLE_CODE = YES;
				CLANG_WARN__DUPLICATE_METHOD_MATCH = YES;
				COPY_PHASE_STRIP = NO;
				DEBUG_INFORMATION_FORMAT = "dwarf-with-dsym";
				ENABLE_NS_ASSERTIONS = NO;
				ENABLE_STRICT_OBJC_MSGSEND = YES;
				GCC_C_LANGUAGE_STANDARD = gnu11;
				GCC_NO_COMMON_BLOCKS = YES;
				GCC_WARN_64_TO_32_BIT_CONVERSION = YES;
				GCC_WARN_ABOUT_RETURN_TYPE = YES_ERROR;
				GCC_WARN_UNDECLARED_SELECTOR = YES;
				GCC_WARN_UNINITIALIZED_AUTOS = YES_AGGRESSIVE;
				GCC_WARN_UNUSED_FUNCTION = YES;
				GCC_WARN_UNUSED_VARIABLE = YES;
				MTL_ENABLE_DEBUG_INFO = NO;
				MTL_FAST_MATH = YES;
				SDKROOT = iphoneos;
				SWIFT_COMPILATION_MODE = wholemodule;
				SWIFT_OPTIMIZATION_LEVEL = "-O";
				VALIDATE_PRODUCT = YES;
			};
			name = Release;
		};
		B39F5D7924EC2EBF007D37E8 /* Debug */ = {
			isa = XCBuildConfiguration;
			buildSettings = {
				ASSETCATALOG_COMPILER_COMPLICATION_NAME = Complication;
				CODE_SIGN_STYLE = Automatic;
				DEVELOPMENT_ASSET_PATHS = "\"NanoCast.Studio WatchKit Extension/Preview Content\"";
				DEVELOPMENT_TEAM = MLT7M394S7;
				ENABLE_PREVIEWS = YES;
				INFOPLIST_FILE = "NanoCast.Studio WatchKit Extension/Info.plist";
				IPHONEOS_DEPLOYMENT_TARGET = 13.6;
				LD_RUNPATH_SEARCH_PATHS = (
					"$(inherited)",
					"@executable_path/Frameworks",
					"@executable_path/../../Frameworks",
				);
				PRODUCT_BUNDLE_IDENTIFIER = com.brightdigit.NanoCastStudio.watchkitapp.watchkitextension;
				PRODUCT_NAME = "${TARGET_NAME}";
				SDKROOT = watchos;
				SKIP_INSTALL = YES;
				SWIFT_VERSION = 5.0;
				TARGETED_DEVICE_FAMILY = 4;
				WATCHOS_DEPLOYMENT_TARGET = 6.2;
			};
			name = Debug;
		};
		B39F5D7A24EC2EBF007D37E8 /* Release */ = {
			isa = XCBuildConfiguration;
			buildSettings = {
				ASSETCATALOG_COMPILER_COMPLICATION_NAME = Complication;
				CODE_SIGN_STYLE = Automatic;
				DEVELOPMENT_ASSET_PATHS = "\"NanoCast.Studio WatchKit Extension/Preview Content\"";
				DEVELOPMENT_TEAM = MLT7M394S7;
				ENABLE_PREVIEWS = YES;
				INFOPLIST_FILE = "NanoCast.Studio WatchKit Extension/Info.plist";
				IPHONEOS_DEPLOYMENT_TARGET = 13.6;
				LD_RUNPATH_SEARCH_PATHS = (
					"$(inherited)",
					"@executable_path/Frameworks",
					"@executable_path/../../Frameworks",
				);
				PRODUCT_BUNDLE_IDENTIFIER = com.brightdigit.NanoCastStudio.watchkitapp.watchkitextension;
				PRODUCT_NAME = "${TARGET_NAME}";
				SDKROOT = watchos;
				SKIP_INSTALL = YES;
				SWIFT_VERSION = 5.0;
				TARGETED_DEVICE_FAMILY = 4;
				WATCHOS_DEPLOYMENT_TARGET = 6.2;
			};
			name = Release;
		};
		B39F5D7D24EC2EBF007D37E8 /* Debug */ = {
			isa = XCBuildConfiguration;
			buildSettings = {
				ALWAYS_EMBED_SWIFT_STANDARD_LIBRARIES = YES;
				ASSETCATALOG_COMPILER_APPICON_NAME = AppIcon;
				ASSETCATALOG_COMPILER_GLOBAL_ACCENT_COLOR_NAME = AccentColor;
				CODE_SIGN_STYLE = Automatic;
				DEVELOPMENT_TEAM = MLT7M394S7;
				IBSC_MODULE = NanoCast_Studio_WatchKit_Extension;
				INFOPLIST_FILE = "NanoCast.Studio WatchKit App/Info.plist";
				IPHONEOS_DEPLOYMENT_TARGET = 13.6;
				PRODUCT_BUNDLE_IDENTIFIER = com.brightdigit.NanoCastStudio.watchkitapp;
				PRODUCT_NAME = "$(TARGET_NAME)";
				SDKROOT = watchos;
				SKIP_INSTALL = YES;
				SWIFT_VERSION = 5.0;
				TARGETED_DEVICE_FAMILY = 4;
				WATCHOS_DEPLOYMENT_TARGET = 6.2;
			};
			name = Debug;
		};
		B39F5D7E24EC2EBF007D37E8 /* Release */ = {
			isa = XCBuildConfiguration;
			buildSettings = {
				ALWAYS_EMBED_SWIFT_STANDARD_LIBRARIES = YES;
				ASSETCATALOG_COMPILER_APPICON_NAME = AppIcon;
				ASSETCATALOG_COMPILER_GLOBAL_ACCENT_COLOR_NAME = AccentColor;
				CODE_SIGN_STYLE = Automatic;
				DEVELOPMENT_TEAM = MLT7M394S7;
				IBSC_MODULE = NanoCast_Studio_WatchKit_Extension;
				INFOPLIST_FILE = "NanoCast.Studio WatchKit App/Info.plist";
				IPHONEOS_DEPLOYMENT_TARGET = 13.6;
				PRODUCT_BUNDLE_IDENTIFIER = com.brightdigit.NanoCastStudio.watchkitapp;
				PRODUCT_NAME = "$(TARGET_NAME)";
				SDKROOT = watchos;
				SKIP_INSTALL = YES;
				SWIFT_VERSION = 5.0;
				TARGETED_DEVICE_FAMILY = 4;
				WATCHOS_DEPLOYMENT_TARGET = 6.2;
			};
			name = Release;
		};
		B39F5D8124EC2EBF007D37E8 /* Debug */ = {
			isa = XCBuildConfiguration;
			buildSettings = {
				CODE_SIGN_STYLE = Automatic;
				CURRENT_PROJECT_VERSION = 1;
				DEVELOPMENT_TEAM = MLT7M394S7;
				MARKETING_VERSION = 1.0;
				PRODUCT_BUNDLE_IDENTIFIER = com.brightdigit.NanoCastStudio;
				PRODUCT_NAME = "$(TARGET_NAME)";
				SWIFT_VERSION = 5.0;
			};
			name = Debug;
		};
		B39F5D8224EC2EBF007D37E8 /* Release */ = {
			isa = XCBuildConfiguration;
			buildSettings = {
				CODE_SIGN_STYLE = Automatic;
				CURRENT_PROJECT_VERSION = 1;
				DEVELOPMENT_TEAM = MLT7M394S7;
				MARKETING_VERSION = 1.0;
				PRODUCT_BUNDLE_IDENTIFIER = com.brightdigit.NanoCastStudio;
				PRODUCT_NAME = "$(TARGET_NAME)";
				SWIFT_VERSION = 5.0;
			};
			name = Release;
		};
/* End XCBuildConfiguration section */

/* Begin XCConfigurationList section */
		B39F5D4D24EC2EBB007D37E8 /* Build configuration list for PBXProject "NanoCast.Studio" */ = {
			isa = XCConfigurationList;
			buildConfigurations = (
				B39F5D7624EC2EBF007D37E8 /* Debug */,
				B39F5D7724EC2EBF007D37E8 /* Release */,
			);
			defaultConfigurationIsVisible = 0;
			defaultConfigurationName = Release;
		};
		B39F5D7824EC2EBF007D37E8 /* Build configuration list for PBXNativeTarget "NanoCast.Studio WatchKit Extension" */ = {
			isa = XCConfigurationList;
			buildConfigurations = (
				B39F5D7924EC2EBF007D37E8 /* Debug */,
				B39F5D7A24EC2EBF007D37E8 /* Release */,
			);
			defaultConfigurationIsVisible = 0;
			defaultConfigurationName = Release;
		};
		B39F5D7C24EC2EBF007D37E8 /* Build configuration list for PBXNativeTarget "NanoCast.Studio WatchKit App" */ = {
			isa = XCConfigurationList;
			buildConfigurations = (
				B39F5D7D24EC2EBF007D37E8 /* Debug */,
				B39F5D7E24EC2EBF007D37E8 /* Release */,
			);
			defaultConfigurationIsVisible = 0;
			defaultConfigurationName = Release;
		};
		B39F5D8024EC2EBF007D37E8 /* Build configuration list for PBXNativeTarget "NanoCast.Studio" */ = {
			isa = XCConfigurationList;
			buildConfigurations = (
				B39F5D8124EC2EBF007D37E8 /* Debug */,
				B39F5D8224EC2EBF007D37E8 /* Release */,
			);
			defaultConfigurationIsVisible = 0;
			defaultConfigurationName = Release;
		};
/* End XCConfigurationList section */
	};
	rootObject = B39F5D4A24EC2EBB007D37E8 /* Project object */;
}
